
Microsoft Visual Studio Solution File, Format Version 12.00
# Visual Studio Version 16
VisualStudioVersion = 16.0.31515.178
MinimumVisualStudioVersion = 10.0.40219.1
Project("{FAE04EC0-301F-11D3-BF4B-00C04F79EFBC}") = "Turnbased RPG ConsoleApp", "Turnbased RPG ConsoleApp.csproj", "{35AA053F-CF2E-4841-AF92-B91586C9A776}"
EndProject
Global
	GlobalSection(SolutionConfigurationPlatforms) = preSolution
		Debug|Any CPU = Debug|Any CPU
		Release|Any CPU = Release|Any CPU
	EndGlobalSection
	GlobalSection(ProjectConfigurationPlatforms) = postSolution
		{35AA053F-CF2E-4841-AF92-B91586C9A776}.Debug|Any CPU.ActiveCfg = Debug|Any CPU
		{35AA053F-CF2E-4841-AF92-B91586C9A776}.Debug|Any CPU.Build.0 = Debug|Any CPU
		{35AA053F-CF2E-4841-AF92-B91586C9A776}.Release|Any CPU.ActiveCfg = Release|Any CPU
		{35AA053F-CF2E-4841-AF92-B91586C9A776}.Release|Any CPU.Build.0 = Release|Any CPU
	EndGlobalSection
	GlobalSection(SolutionProperties) = preSolution
		HideSolutionNode = FALSE
	EndGlobalSection
	GlobalSection(ExtensibilityGlobals) = postSolution
		SolutionGuid = {6C73DA14-D95C-46A0-9218-0C5FB8CFFF9E}
	EndGlobalSection
EndGlobal
